
Microsoft Visual Studio Solution File, Format Version 12.00
# Visual Studio Version 16
VisualStudioVersion = 16.0.31702.278
MinimumVisualStudioVersion = 10.0.40219.1
Project("{FAE04EC0-301F-11D3-BF4B-00C04F79EFBC}") = "FacadeDesignPattern", "FacadeDesignPattern\FacadeDesignPattern.csproj", "{7E63A9AB-6585-43DF-AB6D-8DE60A056803}"
EndProject
Global
	GlobalSection(SolutionConfigurationPlatforms) = preSolution
		Debug|Any CPU = Debug|Any CPU
		Release|Any CPU = Release|Any CPU
	EndGlobalSection
	GlobalSection(ProjectConfigurationPlatforms) = postSolution
		{7E63A9AB-6585-43DF-AB6D-8DE60A056803}.Debug|Any CPU.ActiveCfg = Debug|Any CPU
		{7E63A9AB-6585-43DF-AB6D-8DE60A056803}.Debug|Any CPU.Build.0 = Debug|Any CPU
		{7E63A9AB-6585-43DF-AB6D-8DE60A056803}.Release|Any CPU.ActiveCfg = Release|Any CPU
		{7E63A9AB-6585-43DF-AB6D-8DE60A056803}.Release|Any CPU.Build.0 = Release|Any CPU
	EndGlobalSection
	GlobalSection(SolutionProperties) = preSolution
		HideSolutionNode = FALSE
	EndGlobalSection
	GlobalSection(ExtensibilityGlobals) = postSolution
		SolutionGuid = {0B5BAD55-54E1-4200-AFE5-3D277EC25DBE}
	EndGlobalSection
EndGlobal
